
Microsoft Visual Studio Solution File, Format Version 11.00
# Visual Studio 2010
Project("{FAE04EC0-301F-11D3-BF4B-00C04F79EFBC}") = "Client", "Client\Client.csproj", "{0B5D7AF2-38A8-4867-AC84-4A0C9CDA1655}"
EndProject
Project("{FAE04EC0-301F-11D3-BF4B-00C04F79EFBC}") = "Server", "Server\Server.csproj", "{E85B91BB-F518-416F-8D04-1FAB35E5E10F}"
EndProject
Global
	GlobalSection(SolutionConfigurationPlatforms) = preSolution
		Debug|x86 = Debug|x86
		Release|x86 = Release|x86
	EndGlobalSection
	GlobalSection(ProjectConfigurationPlatforms) = postSolution
		{0B5D7AF2-38A8-4867-AC84-4A0C9CDA1655}.Debug|x86.ActiveCfg = Debug|x86
		{0B5D7AF2-38A8-4867-AC84-4A0C9CDA1655}.Debug|x86.Build.0 = Debug|x86
		{0B5D7AF2-38A8-4867-AC84-4A0C9CDA1655}.Release|x86.ActiveCfg = Release|x86
		{0B5D7AF2-38A8-4867-AC84-4A0C9CDA1655}.Release|x86.Build.0 = Release|x86
		{E85B91BB-F518-416F-8D04-1FAB35E5E10F}.Debug|x86.ActiveCfg = Debug|x86
		{E85B91BB-F518-416F-8D04-1FAB35E5E10F}.Debug|x86.Build.0 = Debug|x86
		{E85B91BB-F518-416F-8D04-1FAB35E5E10F}.Release|x86.ActiveCfg = Release|x86
		{E85B91BB-F518-416F-8D04-1FAB35E5E10F}.Release|x86.Build.0 = Release|x86
	EndGlobalSection
	GlobalSection(SolutionProperties) = preSolution
		HideSolutionNode = FALSE
	EndGlobalSection
EndGlobal
