
Microsoft Visual Studio Solution File, Format Version 11.00
# Visual Studio 2010
Project("{FAE04EC0-301F-11D3-BF4B-00C04F79EFBC}") = "Snake Demo", "Snake Demo\Snake Demo.csproj", "{39DCD216-B9A3-430E-ABB3-32125DF506C8}"
EndProject
Project("{FAE04EC0-301F-11D3-BF4B-00C04F79EFBC}") = "WindowsFormsApplication1", "WindowsFormsApplication1\WindowsFormsApplication1.csproj", "{FF71D220-C55B-48A2-B41D-F7C66DEA66B2}"
EndProject
Global
	GlobalSection(SolutionConfigurationPlatforms) = preSolution
		Debug|x86 = Debug|x86
		Release|x86 = Release|x86
	EndGlobalSection
	GlobalSection(ProjectConfigurationPlatforms) = postSolution
		{39DCD216-B9A3-430E-ABB3-32125DF506C8}.Debug|x86.ActiveCfg = Debug|x86
		{39DCD216-B9A3-430E-ABB3-32125DF506C8}.Debug|x86.Build.0 = Debug|x86
		{39DCD216-B9A3-430E-ABB3-32125DF506C8}.Release|x86.ActiveCfg = Release|x86
		{39DCD216-B9A3-430E-ABB3-32125DF506C8}.Release|x86.Build.0 = Release|x86
		{FF71D220-C55B-48A2-B41D-F7C66DEA66B2}.Debug|x86.ActiveCfg = Debug|x86
		{FF71D220-C55B-48A2-B41D-F7C66DEA66B2}.Debug|x86.Build.0 = Debug|x86
		{FF71D220-C55B-48A2-B41D-F7C66DEA66B2}.Release|x86.ActiveCfg = Release|x86
		{FF71D220-C55B-48A2-B41D-F7C66DEA66B2}.Release|x86.Build.0 = Release|x86
	EndGlobalSection
	GlobalSection(SolutionProperties) = preSolution
		HideSolutionNode = FALSE
	EndGlobalSection
EndGlobal
