
Microsoft Visual Studio Solution File, Format Version 11.00
# Visual Studio 2010
Project("{FAE04EC0-301F-11D3-BF4B-00C04F79EFBC}") = "WindowsFormsApplication1fsdf", "WindowsFormsApplication1fsdf\WindowsFormsApplication1fsdf.csproj", "{5D9749C7-74CA-456D-A8F2-77454D758439}"
EndProject
Global
	GlobalSection(SolutionConfigurationPlatforms) = preSolution
		Debug|x86 = Debug|x86
		Release|x86 = Release|x86
	EndGlobalSection
	GlobalSection(ProjectConfigurationPlatforms) = postSolution
		{5D9749C7-74CA-456D-A8F2-77454D758439}.Debug|x86.ActiveCfg = Debug|x86
		{5D9749C7-74CA-456D-A8F2-77454D758439}.Debug|x86.Build.0 = Debug|x86
		{5D9749C7-74CA-456D-A8F2-77454D758439}.Release|x86.ActiveCfg = Release|x86
		{5D9749C7-74CA-456D-A8F2-77454D758439}.Release|x86.Build.0 = Release|x86
	EndGlobalSection
	GlobalSection(SolutionProperties) = preSolution
		HideSolutionNode = FALSE
	EndGlobalSection
EndGlobal
